
Microsoft Visual Studio Solution File, Format Version 12.00
# Visual Studio Version 17
VisualStudioVersion = 17.0.31903.59
MinimumVisualStudioVersion = 10.0.40219.1
Project("{2150E333-8FDC-42A3-9474-1A3956D46DE8}") = "src", "src", "{7EA18687-459F-4516-8238-F476A5B60878}"
EndProject
Project("{2150E333-8FDC-42A3-9474-1A3956D46DE8}") = "monolith", "monolith", "{FB03AB24-D4D9-4D86-9333-15327A3784EF}"
EndProject
Project("{FAE04EC0-301F-11D3-BF4B-00C04F79EFBC}") = "Application", "src\monolith\Application\Application.csproj", "{33EF0310-39FD-4367-858F-5F997930FC77}"
EndProject
Project("{FAE04EC0-301F-11D3-BF4B-00C04F79EFBC}") = "Bootstrapper", "src\monolith\Bootstrapper\Bootstrapper.csproj", "{341FADEA-D85D-47D3-8E6C-D7F5E7AE2EB9}"
EndProject
Project("{FAE04EC0-301F-11D3-BF4B-00C04F79EFBC}") = "Domain", "src\monolith\Domain\Domain.csproj", "{DC57CBFB-5E04-4873-B88D-F4C16BA66D53}"
EndProject
Project("{FAE04EC0-301F-11D3-BF4B-00C04F79EFBC}") = "Infrastructure", "src\monolith\Infrastructure\Infrastructure.csproj", "{2924B6E7-088C-41B8-A774-EA662B5248EC}"
EndProject
Project("{FAE04EC0-301F-11D3-BF4B-00C04F79EFBC}") = "WebUI", "src\monolith\WebUI\WebUI.csproj", "{9CF9B1B9-CD1F-4CD5-A3B4-30152EE7287C}"
EndProject
Project("{2150E333-8FDC-42A3-9474-1A3956D46DE8}") = "client-server", "client-server", "{127C2CFC-78C5-4FB6-8288-6E913BD409DE}"
EndProject
Project("{2150E333-8FDC-42A3-9474-1A3956D46DE8}") = "backend", "backend", "{60BDDDCE-9D82-4DD3-AE77-797D53D75183}"
EndProject
Project("{FAE04EC0-301F-11D3-BF4B-00C04F79EFBC}") = "Application", "src\client-server\backend\Application\Application.csproj", "{F3000DF9-9834-4419-8F87-AF412FECD4E4}"
EndProject
Project("{FAE04EC0-301F-11D3-BF4B-00C04F79EFBC}") = "Domain", "src\client-server\backend\Domain\Domain.csproj", "{DABD59F1-D6C5-4B0D-AA51-4F8A8241989E}"
EndProject
Project("{FAE04EC0-301F-11D3-BF4B-00C04F79EFBC}") = "Bootstrapper", "src\client-server\backend\Bootstrapper\Bootstrapper.csproj", "{9BB90369-2FDB-44ED-877B-1F04E5754BF1}"
EndProject
Project("{FAE04EC0-301F-11D3-BF4B-00C04F79EFBC}") = "Infrastructure", "src\client-server\backend\Infrastructure\Infrastructure.csproj", "{9FA16FD5-F70B-4AE3-A93F-2448DB37E1E4}"
EndProject
Project("{FAE04EC0-301F-11D3-BF4B-00C04F79EFBC}") = "WebAPI", "src\client-server\backend\WebAPI\WebAPI.csproj", "{64E24B86-4B9F-447E-94B3-22B677647899}"
EndProject
Project("{2150E333-8FDC-42A3-9474-1A3956D46DE8}") = "frontend", "frontend", "{F278A6CB-F96A-49AD-9615-FF8BFDEF4537}"
EndProject
Project("{FAE04EC0-301F-11D3-BF4B-00C04F79EFBC}") = "WebUI", "src\client-server\frontend\WebUI\WebUI.csproj", "{D262D2AA-CC76-44BC-A08C-9ED30C27808A}"
EndProject
Global
	GlobalSection(SolutionConfigurationPlatforms) = preSolution
		Debug|Any CPU = Debug|Any CPU
		Release|Any CPU = Release|Any CPU
	EndGlobalSection
	GlobalSection(SolutionProperties) = preSolution
		HideSolutionNode = FALSE
	EndGlobalSection
	GlobalSection(ProjectConfigurationPlatforms) = postSolution
		{33EF0310-39FD-4367-858F-5F997930FC77}.Debug|Any CPU.ActiveCfg = Debug|Any CPU
		{33EF0310-39FD-4367-858F-5F997930FC77}.Debug|Any CPU.Build.0 = Debug|Any CPU
		{33EF0310-39FD-4367-858F-5F997930FC77}.Release|Any CPU.ActiveCfg = Release|Any CPU
		{33EF0310-39FD-4367-858F-5F997930FC77}.Release|Any CPU.Build.0 = Release|Any CPU
		{341FADEA-D85D-47D3-8E6C-D7F5E7AE2EB9}.Debug|Any CPU.ActiveCfg = Debug|Any CPU
		{341FADEA-D85D-47D3-8E6C-D7F5E7AE2EB9}.Debug|Any CPU.Build.0 = Debug|Any CPU
		{341FADEA-D85D-47D3-8E6C-D7F5E7AE2EB9}.Release|Any CPU.ActiveCfg = Release|Any CPU
		{341FADEA-D85D-47D3-8E6C-D7F5E7AE2EB9}.Release|Any CPU.Build.0 = Release|Any CPU
		{DC57CBFB-5E04-4873-B88D-F4C16BA66D53}.Debug|Any CPU.ActiveCfg = Debug|Any CPU
		{DC57CBFB-5E04-4873-B88D-F4C16BA66D53}.Debug|Any CPU.Build.0 = Debug|Any CPU
		{DC57CBFB-5E04-4873-B88D-F4C16BA66D53}.Release|Any CPU.ActiveCfg = Release|Any CPU
		{DC57CBFB-5E04-4873-B88D-F4C16BA66D53}.Release|Any CPU.Build.0 = Release|Any CPU
		{2924B6E7-088C-41B8-A774-EA662B5248EC}.Debug|Any CPU.ActiveCfg = Debug|Any CPU
		{2924B6E7-088C-41B8-A774-EA662B5248EC}.Debug|Any CPU.Build.0 = Debug|Any CPU
		{2924B6E7-088C-41B8-A774-EA662B5248EC}.Release|Any CPU.ActiveCfg = Release|Any CPU
		{2924B6E7-088C-41B8-A774-EA662B5248EC}.Release|Any CPU.Build.0 = Release|Any CPU
		{9CF9B1B9-CD1F-4CD5-A3B4-30152EE7287C}.Debug|Any CPU.ActiveCfg = Debug|Any CPU
		{9CF9B1B9-CD1F-4CD5-A3B4-30152EE7287C}.Debug|Any CPU.Build.0 = Debug|Any CPU
		{9CF9B1B9-CD1F-4CD5-A3B4-30152EE7287C}.Release|Any CPU.ActiveCfg = Release|Any CPU
		{9CF9B1B9-CD1F-4CD5-A3B4-30152EE7287C}.Release|Any CPU.Build.0 = Release|Any CPU
		{F3000DF9-9834-4419-8F87-AF412FECD4E4}.Debug|Any CPU.ActiveCfg = Debug|Any CPU
		{F3000DF9-9834-4419-8F87-AF412FECD4E4}.Debug|Any CPU.Build.0 = Debug|Any CPU
		{F3000DF9-9834-4419-8F87-AF412FECD4E4}.Release|Any CPU.ActiveCfg = Release|Any CPU
		{F3000DF9-9834-4419-8F87-AF412FECD4E4}.Release|Any CPU.Build.0 = Release|Any CPU
		{DABD59F1-D6C5-4B0D-AA51-4F8A8241989E}.Debug|Any CPU.ActiveCfg = Debug|Any CPU
		{DABD59F1-D6C5-4B0D-AA51-4F8A8241989E}.Debug|Any CPU.Build.0 = Debug|Any CPU
		{DABD59F1-D6C5-4B0D-AA51-4F8A8241989E}.Release|Any CPU.ActiveCfg = Release|Any CPU
		{DABD59F1-D6C5-4B0D-AA51-4F8A8241989E}.Release|Any CPU.Build.0 = Release|Any CPU
		{9BB90369-2FDB-44ED-877B-1F04E5754BF1}.Debug|Any CPU.ActiveCfg = Debug|Any CPU
		{9BB90369-2FDB-44ED-877B-1F04E5754BF1}.Debug|Any CPU.Build.0 = Debug|Any CPU
		{9BB90369-2FDB-44ED-877B-1F04E5754BF1}.Release|Any CPU.ActiveCfg = Release|Any CPU
		{9BB90369-2FDB-44ED-877B-1F04E5754BF1}.Release|Any CPU.Build.0 = Release|Any CPU
		{9FA16FD5-F70B-4AE3-A93F-2448DB37E1E4}.Debug|Any CPU.ActiveCfg = Debug|Any CPU
		{9FA16FD5-F70B-4AE3-A93F-2448DB37E1E4}.Debug|Any CPU.Build.0 = Debug|Any CPU
		{9FA16FD5-F70B-4AE3-A93F-2448DB37E1E4}.Release|Any CPU.ActiveCfg = Release|Any CPU
		{9FA16FD5-F70B-4AE3-A93F-2448DB37E1E4}.Release|Any CPU.Build.0 = Release|Any CPU
		{64E24B86-4B9F-447E-94B3-22B677647899}.Debug|Any CPU.ActiveCfg = Debug|Any CPU
		{64E24B86-4B9F-447E-94B3-22B677647899}.Debug|Any CPU.Build.0 = Debug|Any CPU
		{64E24B86-4B9F-447E-94B3-22B677647899}.Release|Any CPU.ActiveCfg = Release|Any CPU
		{64E24B86-4B9F-447E-94B3-22B677647899}.Release|Any CPU.Build.0 = Release|Any CPU
		{D262D2AA-CC76-44BC-A08C-9ED30C27808A}.Debug|Any CPU.ActiveCfg = Debug|Any CPU
		{D262D2AA-CC76-44BC-A08C-9ED30C27808A}.Debug|Any CPU.Build.0 = Debug|Any CPU
		{D262D2AA-CC76-44BC-A08C-9ED30C27808A}.Release|Any CPU.ActiveCfg = Release|Any CPU
		{D262D2AA-CC76-44BC-A08C-9ED30C27808A}.Release|Any CPU.Build.0 = Release|Any CPU
	EndGlobalSection
	GlobalSection(NestedProjects) = preSolution
		{FB03AB24-D4D9-4D86-9333-15327A3784EF} = {7EA18687-459F-4516-8238-F476A5B60878}
		{33EF0310-39FD-4367-858F-5F997930FC77} = {FB03AB24-D4D9-4D86-9333-15327A3784EF}
		{341FADEA-D85D-47D3-8E6C-D7F5E7AE2EB9} = {FB03AB24-D4D9-4D86-9333-15327A3784EF}
		{DC57CBFB-5E04-4873-B88D-F4C16BA66D53} = {FB03AB24-D4D9-4D86-9333-15327A3784EF}
		{2924B6E7-088C-41B8-A774-EA662B5248EC} = {FB03AB24-D4D9-4D86-9333-15327A3784EF}
		{9CF9B1B9-CD1F-4CD5-A3B4-30152EE7287C} = {FB03AB24-D4D9-4D86-9333-15327A3784EF}
		{127C2CFC-78C5-4FB6-8288-6E913BD409DE} = {7EA18687-459F-4516-8238-F476A5B60878}
		{60BDDDCE-9D82-4DD3-AE77-797D53D75183} = {127C2CFC-78C5-4FB6-8288-6E913BD409DE}
		{F3000DF9-9834-4419-8F87-AF412FECD4E4} = {60BDDDCE-9D82-4DD3-AE77-797D53D75183}
		{DABD59F1-D6C5-4B0D-AA51-4F8A8241989E} = {60BDDDCE-9D82-4DD3-AE77-797D53D75183}
		{9BB90369-2FDB-44ED-877B-1F04E5754BF1} = {60BDDDCE-9D82-4DD3-AE77-797D53D75183}
		{9FA16FD5-F70B-4AE3-A93F-2448DB37E1E4} = {60BDDDCE-9D82-4DD3-AE77-797D53D75183}
		{64E24B86-4B9F-447E-94B3-22B677647899} = {60BDDDCE-9D82-4DD3-AE77-797D53D75183}
		{F278A6CB-F96A-49AD-9615-FF8BFDEF4537} = {127C2CFC-78C5-4FB6-8288-6E913BD409DE}
		{D262D2AA-CC76-44BC-A08C-9ED30C27808A} = {F278A6CB-F96A-49AD-9615-FF8BFDEF4537}
	EndGlobalSection
EndGlobal
